
Microsoft Visual Studio Solution File, Format Version 12.00
# Visual Studio 15
VisualStudioVersion = 15.0.26730.16
MinimumVisualStudioVersion = 10.0.40219.1
Project("{FAE04EC0-301F-11D3-BF4B-00C04F79EFBC}") = "snagajob-hr-app", "snagajob-hr-app\snagajob-hr-app.csproj", "{7BB5128D-47B7-40C7-92FF-6C8F9E92C9CF}"
EndProject
Project("{FAE04EC0-301F-11D3-BF4B-00C04F79EFBC}") = "snagajob-hr-app.Tests", "snagajob-hr-app.Tests\snagajob-hr-app.Tests.csproj", "{0C8F59DF-6691-4E94-BE32-BF4F30A2E840}"
EndProject
Global
	GlobalSection(SolutionConfigurationPlatforms) = preSolution
		Debug|Any CPU = Debug|Any CPU
		Release|Any CPU = Release|Any CPU
	EndGlobalSection
	GlobalSection(ProjectConfigurationPlatforms) = postSolution
		{7BB5128D-47B7-40C7-92FF-6C8F9E92C9CF}.Debug|Any CPU.ActiveCfg = Debug|Any CPU
		{7BB5128D-47B7-40C7-92FF-6C8F9E92C9CF}.Debug|Any CPU.Build.0 = Debug|Any CPU
		{7BB5128D-47B7-40C7-92FF-6C8F9E92C9CF}.Release|Any CPU.ActiveCfg = Release|Any CPU
		{7BB5128D-47B7-40C7-92FF-6C8F9E92C9CF}.Release|Any CPU.Build.0 = Release|Any CPU
		{0C8F59DF-6691-4E94-BE32-BF4F30A2E840}.Debug|Any CPU.ActiveCfg = Debug|Any CPU
		{0C8F59DF-6691-4E94-BE32-BF4F30A2E840}.Debug|Any CPU.Build.0 = Debug|Any CPU
		{0C8F59DF-6691-4E94-BE32-BF4F30A2E840}.Release|Any CPU.ActiveCfg = Release|Any CPU
		{0C8F59DF-6691-4E94-BE32-BF4F30A2E840}.Release|Any CPU.Build.0 = Release|Any CPU
	EndGlobalSection
	GlobalSection(SolutionProperties) = preSolution
		HideSolutionNode = FALSE
	EndGlobalSection
	GlobalSection(ExtensibilityGlobals) = postSolution
		SolutionGuid = {98A800CD-7FFF-4EA4-A56F-ECFE745F6301}
	EndGlobalSection
EndGlobal
